# Generated by conda-lock.
# platform: osx-arm64
# env_hash: febebdbb8399065544c33aa1df6b80553cf36947751705f07dc5711f32a48a95
@EXPLICIT
https://conda.anaconda.org/conda-forge/osx-arm64/ca-certificates-2021.5.30-h4653dfc_0.tar.bz2
https://conda.anaconda.org/conda-forge/osx-arm64/libcxx-12.0.1-h168391b_0.tar.bz2
https://conda.anaconda.org/conda-forge/osx-arm64/ncurses-6.2-h9aa5885_4.tar.bz2
https://conda.anaconda.org/conda-forge/noarch/tzdata-2021a-he74cb21_1.tar.bz2
https://conda.anaconda.org/conda-forge/osx-arm64/xz-5.2.5-h642e427_1.tar.bz2
https://conda.anaconda.org/conda-forge/osx-arm64/zlib-1.2.11-h31e879b_1009.tar.bz2
https://conda.anaconda.org/conda-forge/osx-arm64/libffi-3.3-h9f76cd9_2.tar.bz2
https://conda.anaconda.org/conda-forge/osx-arm64/openssl-1.1.1k-h27ca646_0.tar.bz2
https://conda.anaconda.org/conda-forge/osx-arm64/readline-8.1-hedafd6a_0.tar.bz2
https://conda.anaconda.org/conda-forge/osx-arm64/tk-8.6.10-hf7e6567_1.tar.bz2
https://conda.anaconda.org/conda-forge/osx-arm64/sqlite-3.36.0-h72a2b83_0.tar.bz2
https://conda.anaconda.org/conda-forge/osx-arm64/python-3.9.6-h54d631c_1_cpython.tar.bz2
https://conda.anaconda.org/conda-forge/noarch/appdirs-1.4.4-pyh9f0ad1d_0.tar.bz2#5f095bc6454094e96f146491fd03633b
https://conda.anaconda.org/conda-forge/noarch/charset-normalizer-2.0.0-pyhd8ed1ab_0.tar.bz2
https://conda.anaconda.org/conda-forge/noarch/filelock-3.0.12-pyh9f0ad1d_0.tar.bz2
https://conda.anaconda.org/conda-forge/noarch/idna-3.1-pyhd3deb0d_0.tar.bz2
https://conda.anaconda.org/conda-forge/noarch/pycparser-2.20-pyh9f0ad1d_2.tar.bz2
https://conda.anaconda.org/conda-forge/osx-arm64/python_abi-3.9-2_cp39.tar.bz2#ba3082b5441b482d5cfe328d4e7ba0bf
https://conda.anaconda.org/conda-forge/noarch/semantic_version-2.8.5-pyh9f0ad1d_0.tar.bz2
https://conda.anaconda.org/conda-forge/noarch/shellingham-1.4.0-pyh44b312d_0.tar.bz2
https://conda.anaconda.org/conda-forge/noarch/six-1.16.0-pyh6c4a22f_0.tar.bz2
https://conda.anaconda.org/conda-forge/noarch/wheel-0.36.2-pyhd3deb0d_0.tar.bz2
https://conda.anaconda.org/conda-forge/noarch/yapf-0.31.0-pyhd8ed1ab_0.tar.bz2
https://conda.anaconda.org/conda-forge/osx-arm64/certifi-2021.5.30-py39h2804cbe_0.tar.bz2
https://conda.anaconda.org/conda-forge/osx-arm64/cffi-1.14.6-py39hda8b47f_0.tar.bz2
https://conda.anaconda.org/conda-forge/osx-arm64/chardet-4.0.0-py39h2804cbe_1.tar.bz2
https://conda.anaconda.org/conda-forge/osx-arm64/click-8.0.1-py39h2804cbe_0.tar.bz2
https://conda.anaconda.org/conda-forge/osx-arm64/pysocks-1.7.1-py39h2804cbe_3.tar.bz2
https://conda.anaconda.org/conda-forge/osx-arm64/ruamel.yaml.clib-0.2.2-py39h46acfd9_2.tar.bz2#6f4c4bcc794d7c637e8c14e5544f7264
https://conda.anaconda.org/conda-forge/osx-arm64/brotlipy-0.7.0-py39h5161555_1001.tar.bz2
https://conda.anaconda.org/conda-forge/osx-arm64/cryptography-3.4.7-py39h73257c9_0.tar.bz2
https://conda.anaconda.org/conda-forge/osx-arm64/setuptools-49.6.0-py39h2804cbe_3.tar.bz2
https://conda.anaconda.org/conda-forge/noarch/pip-21.2.3-pyhd8ed1ab_0.tar.bz2
https://conda.anaconda.org/conda-forge/noarch/pyopenssl-20.0.1-pyhd8ed1ab_0.tar.bz2
https://conda.anaconda.org/conda-forge/osx-arm64/ruamel.yaml-0.17.10-py39h5161555_0.tar.bz2#a6790454d398a4aa23a1f190850eb917
https://conda.anaconda.org/conda-forge/noarch/urllib3-1.26.6-pyhd8ed1ab_0.tar.bz2
https://conda.anaconda.org/conda-forge/noarch/requests-2.26.0-pyhd8ed1ab_0.tar.bz2
https://conda.anaconda.org/conda-forge/noarch/ensureconda-1.4.1-pyhd8ed1ab_0.tar.bz2#52a7f7cc9076e2c8a25e15e19ad42821
