# Generated by conda-lock.
# platform: osx-arm64
# env_hash: ef699d7e4e003426b6d577bc6d6d922194a168c262ef2a2ae04a288d42c40de4
@EXPLICIT
https://conda.anaconda.org/conda-forge/osx-arm64/ca-certificates-2021.5.30-h4653dfc_0.tar.bz2#21b35f488f8ccf40c7d3ae05303e24e5
https://conda.anaconda.org/conda-forge/osx-arm64/libcxx-12.0.1-h168391b_0.tar.bz2#d534e631f8fefc2690e11bcd85721f26
https://conda.anaconda.org/conda-forge/osx-arm64/ncurses-6.2-h9aa5885_4.tar.bz2#8a4aa25a5741e65f2338204f8a45d8d8
https://conda.anaconda.org/conda-forge/noarch/tzdata-2021a-he74cb21_1.tar.bz2#cc5690eb258c3706f754306f191da8d8
https://conda.anaconda.org/conda-forge/osx-arm64/xz-5.2.5-h642e427_1.tar.bz2#9ab2316785cb81c464ab9a99512dae71
https://conda.anaconda.org/conda-forge/osx-arm64/yaml-0.2.5-h642e427_0.tar.bz2#143549bda61a8b9e3a223328cdddc811
https://conda.anaconda.org/conda-forge/osx-arm64/zlib-1.2.11-h31e879b_1009.tar.bz2#96796f31644a5e13e12dc194284f7681
https://conda.anaconda.org/conda-forge/osx-arm64/libffi-3.3-h9f76cd9_2.tar.bz2#1b0a3e283ef04b308e0b0cdeb2d65cbc
https://conda.anaconda.org/conda-forge/osx-arm64/openssl-1.1.1k-h27ca646_0.tar.bz2#e056be01e85706eeb056d7b979b4a30d
https://conda.anaconda.org/conda-forge/osx-arm64/readline-8.1-hedafd6a_0.tar.bz2#3ab98d5fd433cd392a1b0781391a9e38
https://conda.anaconda.org/conda-forge/osx-arm64/tk-8.6.10-hf7e6567_1.tar.bz2#42c39bbf010ef4fa5839c61a19535980
https://conda.anaconda.org/conda-forge/osx-arm64/sqlite-3.36.0-h72a2b83_0.tar.bz2#7ec4e5e7e504676346cfcdb6115341b3
https://conda.anaconda.org/conda-forge/osx-arm64/python-3.9.6-h54d631c_1_cpython.tar.bz2#3d7c3029bf90917697e63d2990250d90
https://conda.anaconda.org/conda-forge/noarch/appdirs-1.4.4-pyh9f0ad1d_0.tar.bz2#5f095bc6454094e96f146491fd03633b
https://conda.anaconda.org/conda-forge/noarch/charset-normalizer-2.0.0-pyhd8ed1ab_0.tar.bz2#4a57e24d5b759893615c05926b7b5fb9
https://conda.anaconda.org/conda-forge/noarch/filelock-3.0.12-pyh9f0ad1d_0.tar.bz2#7544ed05bbbe9bb687bc9bcbe4d6cb46
https://conda.anaconda.org/conda-forge/noarch/idna-3.1-pyhd3deb0d_0.tar.bz2#9c9aea4b8391264477df484f798562d0
https://conda.anaconda.org/conda-forge/noarch/pycparser-2.20-pyh9f0ad1d_2.tar.bz2#aa798d50ffd182a0f6f31478c7f434f6
https://conda.anaconda.org/conda-forge/osx-arm64/python_abi-3.9-2_cp39.tar.bz2#ba3082b5441b482d5cfe328d4e7ba0bf
https://conda.anaconda.org/conda-forge/noarch/six-1.16.0-pyh6c4a22f_0.tar.bz2#e5f25f8dbc060e9a8d912e432202afc2
https://conda.anaconda.org/conda-forge/noarch/toml-0.10.2-pyhd8ed1ab_0.tar.bz2#f832c45a477c78bebd107098db465095
https://conda.anaconda.org/conda-forge/noarch/wheel-0.36.2-pyhd3deb0d_0.tar.bz2#768bfbe026426d0e76b377997d1f2b98
https://conda.anaconda.org/conda-forge/noarch/yapf-0.31.0-pyhd8ed1ab_0.tar.bz2#20c0b43b36746e275501dded9210b70b
https://conda.anaconda.org/conda-forge/osx-arm64/certifi-2021.5.30-py39h2804cbe_0.tar.bz2#402804274647d0b524c3de7e46b6162a
https://conda.anaconda.org/conda-forge/osx-arm64/cffi-1.14.6-py39hda8b47f_0.tar.bz2#1311f5bbd8d403ad4ed43c43f4b9dd12
https://conda.anaconda.org/conda-forge/osx-arm64/chardet-4.0.0-py39h2804cbe_1.tar.bz2#47f595c9627a2ddafda530984ffd105a
https://conda.anaconda.org/conda-forge/osx-arm64/click-8.0.1-py39h2804cbe_0.tar.bz2#4db5973681af1a5e641ce30b34f81e41
https://conda.anaconda.org/conda-forge/osx-arm64/markupsafe-2.0.1-py39h5161555_0.tar.bz2#27b8e113dbb1de6f135bffc06ce3c73d
https://conda.anaconda.org/conda-forge/osx-arm64/pysocks-1.7.1-py39h2804cbe_3.tar.bz2#b64a9a8199e9e54a134bb0f78687f7fa
https://conda.anaconda.org/conda-forge/osx-arm64/pyyaml-5.4.1-py39h46acfd9_0.tar.bz2#9d200b6c1b2d539ea23046a2154b0f7d
https://conda.anaconda.org/conda-forge/osx-arm64/ruamel.yaml.clib-0.2.2-py39h46acfd9_2.tar.bz2#6f4c4bcc794d7c637e8c14e5544f7264
https://conda.anaconda.org/conda-forge/osx-arm64/brotlipy-0.7.0-py39h5161555_1001.tar.bz2#cacd81f4fe65991c34f865af0f0d030d
https://conda.anaconda.org/conda-forge/noarch/click-default-group-1.2.2-pyhd8ed1ab_1.tar.bz2#72a46ffc25701c173932fd55cf0965d3
https://conda.anaconda.org/conda-forge/osx-arm64/cryptography-3.4.7-py39h73257c9_0.tar.bz2#a5ff43fc907d3e3fb160d4e6b8cd85c4
https://conda.anaconda.org/conda-forge/noarch/jinja2-3.0.1-pyhd8ed1ab_0.tar.bz2#c647e77921fd3e245cdcc5b2d451a0f8
https://conda.anaconda.org/conda-forge/osx-arm64/setuptools-49.6.0-py39h2804cbe_3.tar.bz2#b2268b9c73391e6199dc6936da31cddf
https://conda.anaconda.org/conda-forge/noarch/pip-21.1.3-pyhd8ed1ab_0.tar.bz2#231bd0af116f55ca4d17ea0869415fdf
https://conda.anaconda.org/conda-forge/noarch/pyopenssl-20.0.1-pyhd8ed1ab_0.tar.bz2#92371c25994d0f5d28a01c1fb75ebf86
https://conda.anaconda.org/conda-forge/osx-arm64/ruamel.yaml-0.17.10-py39h5161555_0.tar.bz2#a6790454d398a4aa23a1f190850eb917
https://conda.anaconda.org/conda-forge/noarch/urllib3-1.26.6-pyhd8ed1ab_0.tar.bz2#dea5b6d93cfbfbc2a253168ad05b3f89
https://conda.anaconda.org/conda-forge/noarch/requests-2.26.0-pyhd8ed1ab_0.tar.bz2#0ed2ccbde6db9dd5789068eb7194463f
https://conda.anaconda.org/conda-forge/noarch/ensureconda-1.4.1-pyhd8ed1ab_0.tar.bz2#52a7f7cc9076e2c8a25e15e19ad42821
https://conda.anaconda.org/conda-forge/noarch/conda-lock-0.11.0-pyhd8ed1ab_0.tar.bz2#46795e954c5391a7b049e2d9f2a99407
