# Generated by conda-lock.
# platform: linux-64
# env_hash: ef731cf014e82d95984865bf6e795d61595ef18a7989ee7978d499036f22edb8
@EXPLICIT
https://conda.anaconda.org/conda-forge/linux-64/_libgcc_mutex-0.1-conda_forge.tar.bz2#d7c89558ba9fa0495403155b64376d81
https://conda.anaconda.org/conda-forge/linux-64/ca-certificates-2021.5.30-ha878542_0.tar.bz2#6a777890e94194dc94a29a76d2a7e721
https://conda.anaconda.org/conda-forge/linux-64/ld_impl_linux-64-2.36.1-hea4e1c9_1.tar.bz2#2ec77acdfe08d650005b190eadc71d05
https://conda.anaconda.org/conda-forge/linux-64/libstdcxx-ng-11.1.0-h56837e0_0.tar.bz2#58e6dc162e5c9c62d7372795ffe3562c
https://conda.anaconda.org/conda-forge/noarch/tzdata-2021a-he74cb21_1.tar.bz2#cc5690eb258c3706f754306f191da8d8
https://conda.anaconda.org/conda-forge/linux-64/libgomp-11.1.0-hc902ee8_0.tar.bz2#c52ff56922f3d8a7ee75857eccb1a281
https://conda.anaconda.org/conda-forge/linux-64/_openmp_mutex-4.5-1_gnu.tar.bz2#561e277319a41d4f24f5c05a9ef63c04
https://conda.anaconda.org/conda-forge/linux-64/libgcc-ng-11.1.0-hc902ee8_0.tar.bz2#8cef487db132e646c6baaa719c51c253
https://conda.anaconda.org/conda-forge/linux-64/libffi-3.3-h58526e2_2.tar.bz2#665369991d8dd290ac5ee92fce3e6bf5
https://conda.anaconda.org/conda-forge/linux-64/ncurses-6.2-h58526e2_4.tar.bz2#509f2a21c4a09214cd737a480dfd80c9
https://conda.anaconda.org/conda-forge/linux-64/openssl-1.1.1k-h7f98852_0.tar.bz2#07fae2cb088379c8441e0f3ffa1f4025
https://conda.anaconda.org/conda-forge/linux-64/xz-5.2.5-h516909a_1.tar.bz2#33f601066901f3e1a85af3522a8113f9
https://conda.anaconda.org/conda-forge/linux-64/yaml-0.2.5-h516909a_0.tar.bz2#03a530e925414902547cf48da7756db8
https://conda.anaconda.org/conda-forge/linux-64/zlib-1.2.11-h516909a_1010.tar.bz2#339cc5584e6d26bc73a875ba900028c3
https://conda.anaconda.org/conda-forge/linux-64/readline-8.1-h46c0cb4_0.tar.bz2#5788de3c8d7a7d64ac56c784c4ef48e6
https://conda.anaconda.org/conda-forge/linux-64/tk-8.6.10-h21135ba_1.tar.bz2#c647f70aa7e3d4cc4e029cc1c9a99953
https://conda.anaconda.org/conda-forge/linux-64/sqlite-3.36.0-h9cd32fc_0.tar.bz2#d5bbac924cbda57469f43448d5236a50
https://conda.anaconda.org/conda-forge/linux-64/python-3.9.6-h49503c6_1_cpython.tar.bz2#3ef028f528fe6cae3a536acb5d31be7a
https://conda.anaconda.org/conda-forge/noarch/appdirs-1.4.4-pyh9f0ad1d_0.tar.bz2#5f095bc6454094e96f146491fd03633b
https://conda.anaconda.org/conda-forge/noarch/charset-normalizer-2.0.0-pyhd8ed1ab_0.tar.bz2#4a57e24d5b759893615c05926b7b5fb9
https://conda.anaconda.org/conda-forge/noarch/filelock-3.0.12-pyh9f0ad1d_0.tar.bz2#7544ed05bbbe9bb687bc9bcbe4d6cb46
https://conda.anaconda.org/conda-forge/noarch/idna-3.1-pyhd3deb0d_0.tar.bz2#9c9aea4b8391264477df484f798562d0
https://conda.anaconda.org/conda-forge/noarch/pycparser-2.20-pyh9f0ad1d_2.tar.bz2#aa798d50ffd182a0f6f31478c7f434f6
https://conda.anaconda.org/conda-forge/linux-64/python_abi-3.9-2_cp39.tar.bz2#39adde4247484de2bb4000122fdcf665
https://conda.anaconda.org/conda-forge/noarch/six-1.16.0-pyh6c4a22f_0.tar.bz2#e5f25f8dbc060e9a8d912e432202afc2
https://conda.anaconda.org/conda-forge/noarch/toml-0.10.2-pyhd8ed1ab_0.tar.bz2#f832c45a477c78bebd107098db465095
https://conda.anaconda.org/conda-forge/noarch/wheel-0.36.2-pyhd3deb0d_0.tar.bz2#768bfbe026426d0e76b377997d1f2b98
https://conda.anaconda.org/conda-forge/noarch/yapf-0.31.0-pyhd8ed1ab_0.tar.bz2#20c0b43b36746e275501dded9210b70b
https://conda.anaconda.org/conda-forge/linux-64/certifi-2021.5.30-py39hf3d152e_0.tar.bz2#7bbfaa3b8363bf8505d7f65e4e2e8a90
https://conda.anaconda.org/conda-forge/linux-64/cffi-1.14.6-py39he32792d_0.tar.bz2#826d864bbf3d58d730a49557d9c29b80
https://conda.anaconda.org/conda-forge/linux-64/chardet-4.0.0-py39hf3d152e_1.tar.bz2#d0da429a3428ffcacaad25595b96a648
https://conda.anaconda.org/conda-forge/linux-64/click-8.0.1-py39hf3d152e_0.tar.bz2#ab32c487b1b91d783fb68388c49bb254
https://conda.anaconda.org/conda-forge/linux-64/markupsafe-2.0.1-py39h3811e60_0.tar.bz2#9233d63cfb05aa6536ab9e253bee9507
https://conda.anaconda.org/conda-forge/linux-64/pysocks-1.7.1-py39hf3d152e_3.tar.bz2#f7e7fdc66f2362bebc407f1ab7d10f63
https://conda.anaconda.org/conda-forge/linux-64/pyyaml-5.4.1-py39h3811e60_0.tar.bz2#6451ed66b3b438134626894c821dc5fa
https://conda.anaconda.org/conda-forge/linux-64/ruamel.yaml.clib-0.2.2-py39h3811e60_2.tar.bz2#d7770c88f04155fcff2942a1ff750ff1
https://conda.anaconda.org/conda-forge/linux-64/brotlipy-0.7.0-py39h3811e60_1001.tar.bz2#35ad78e61aec955783acfd00f3c6bcde
https://conda.anaconda.org/conda-forge/noarch/click-default-group-1.2.2-pyhd8ed1ab_1.tar.bz2#72a46ffc25701c173932fd55cf0965d3
https://conda.anaconda.org/conda-forge/linux-64/cryptography-3.4.7-py39hbca0aa6_0.tar.bz2#04e97f7d5c60f75a36b1e4bdf3652ebd
https://conda.anaconda.org/conda-forge/noarch/jinja2-3.0.1-pyhd8ed1ab_0.tar.bz2#c647e77921fd3e245cdcc5b2d451a0f8
https://conda.anaconda.org/conda-forge/linux-64/setuptools-49.6.0-py39hf3d152e_3.tar.bz2#4397280abb201d7adff59099e12e7ddd
https://conda.anaconda.org/conda-forge/noarch/pip-21.1.3-pyhd8ed1ab_0.tar.bz2#231bd0af116f55ca4d17ea0869415fdf
https://conda.anaconda.org/conda-forge/noarch/pyopenssl-20.0.1-pyhd8ed1ab_0.tar.bz2#92371c25994d0f5d28a01c1fb75ebf86
https://conda.anaconda.org/conda-forge/linux-64/ruamel.yaml-0.17.10-py39h3811e60_0.tar.bz2#add249f18d9609f13756a8df625ae549
https://conda.anaconda.org/conda-forge/noarch/urllib3-1.26.6-pyhd8ed1ab_0.tar.bz2#dea5b6d93cfbfbc2a253168ad05b3f89
https://conda.anaconda.org/conda-forge/noarch/requests-2.26.0-pyhd8ed1ab_0.tar.bz2#0ed2ccbde6db9dd5789068eb7194463f
https://conda.anaconda.org/conda-forge/noarch/ensureconda-1.4.1-pyhd8ed1ab_0.tar.bz2#52a7f7cc9076e2c8a25e15e19ad42821
https://conda.anaconda.org/conda-forge/noarch/conda-lock-0.11.0-pyhd8ed1ab_0.tar.bz2#46795e954c5391a7b049e2d9f2a99407
